// !$*UTF8*$!
{
	archiveVersion = 1;
	classes = {
	};
	objectVersion = 50;
	objects = {

/* Begin PBXBuildFile section */
		0410F6CD22903AAA001B2F9C /* TrailerCell.swift in Sources */ = {isa = PBXBuildFile; fileRef = 0410F6CC22903AAA001B2F9C /* TrailerCell.swift */; };
		04B415EA2271E34F0036FBF3 /* AppDelegate.swift in Sources */ = {isa = PBXBuildFile; fileRef = 04B415E92271E34F0036FBF3 /* AppDelegate.swift */; };
		04B415EF2271E34F0036FBF3 /* Main.storyboard in Resources */ = {isa = PBXBuildFile; fileRef = 04B415ED2271E34F0036FBF3 /* Main.storyboard */; };
		04B415F12271E3540036FBF3 /* Assets.xcassets in Resources */ = {isa = PBXBuildFile; fileRef = 04B415F02271E3540036FBF3 /* Assets.xcassets */; };
		04B415F42271E3540036FBF3 /* LaunchScreen.storyboard in Resources */ = {isa = PBXBuildFile; fileRef = 04B415F22271E3540036FBF3 /* LaunchScreen.storyboard */; };
		04B415FC2271EC590036FBF3 /* MovieListTVC.swift in Sources */ = {isa = PBXBuildFile; fileRef = 04B415FB2271EC590036FBF3 /* MovieListTVC.swift */; };
		04B415FF2271ECA00036FBF3 /* MovieListCell.swift in Sources */ = {isa = PBXBuildFile; fileRef = 04B415FE2271ECA00036FBF3 /* MovieListCell.swift */; };
		04B416012271ECAE0036FBF3 /* Movie.swift in Sources */ = {isa = PBXBuildFile; fileRef = 04B416002271ECAD0036FBF3 /* Movie.swift */; };
		04B416032271F5030036FBF3 /* Global.swift in Sources */ = {isa = PBXBuildFile; fileRef = 04B416022271F5030036FBF3 /* Global.swift */; };
		04B416062271F57B0036FBF3 /* Ext-view.swift in Sources */ = {isa = PBXBuildFile; fileRef = 04B416052271F57B0036FBF3 /* Ext-view.swift */; };
		04B416082271F6260036FBF3 /* Ext-ViewController.swift in Sources */ = {isa = PBXBuildFile; fileRef = 04B416072271F6260036FBF3 /* Ext-ViewController.swift */; };
		04B4160C227208400036FBF3 /* DetailTVC.swift in Sources */ = {isa = PBXBuildFile; fileRef = 04B4160B227208400036FBF3 /* DetailTVC.swift */; };
		04B4160E2273414A0036FBF3 /* GenreCell.swift in Sources */ = {isa = PBXBuildFile; fileRef = 04B4160D2273414A0036FBF3 /* GenreCell.swift */; };
		04B41610227347E70036FBF3 /* MovieTabBar.swift in Sources */ = {isa = PBXBuildFile; fileRef = 04B4160F227347E60036FBF3 /* MovieTabBar.swift */; };
		04B41614227359A60036FBF3 /* Cast.swift in Sources */ = {isa = PBXBuildFile; fileRef = 04B41613227359A60036FBF3 /* Cast.swift */; };
		04B4161622735BF50036FBF3 /* CastCell.swift in Sources */ = {isa = PBXBuildFile; fileRef = 04B4161522735BF50036FBF3 /* CastCell.swift */; };
		BDD594071F537388CEACA146 /* Pods_project.framework in Frameworks */ = {isa = PBXBuildFile; fileRef = 33AFAF94746B181A5E9C0A53 /* Pods_project.framework */; };
/* End PBXBuildFile section */

/* Begin PBXFileReference section */
		0410F6CC22903AAA001B2F9C /* TrailerCell.swift */ = {isa = PBXFileReference; lastKnownFileType = sourcecode.swift; path = TrailerCell.swift; sourceTree = "<group>"; };
		04B415E62271E34F0036FBF3 /* project.app */ = {isa = PBXFileReference; explicitFileType = wrapper.application; includeInIndex = 0; path = project.app; sourceTree = BUILT_PRODUCTS_DIR; };
		04B415E92271E34F0036FBF3 /* AppDelegate.swift */ = {isa = PBXFileReference; lastKnownFileType = sourcecode.swift; path = AppDelegate.swift; sourceTree = "<group>"; };
		04B415EE2271E34F0036FBF3 /* Base */ = {isa = PBXFileReference; lastKnownFileType = file.storyboard; name = Base; path = Base.lproj/Main.storyboard; sourceTree = "<group>"; };
		04B415F02271E3540036FBF3 /* Assets.xcassets */ = {isa = PBXFileReference; lastKnownFileType = folder.assetcatalog; path = Assets.xcassets; sourceTree = "<group>"; };
		04B415F32271E3540036FBF3 /* Base */ = {isa = PBXFileReference; lastKnownFileType = file.storyboard; name = Base; path = Base.lproj/LaunchScreen.storyboard; sourceTree = "<group>"; };
		04B415F52271E3540036FBF3 /* Info.plist */ = {isa = PBXFileReference; lastKnownFileType = text.plist.xml; path = Info.plist; sourceTree = "<group>"; };
		04B415FB2271EC590036FBF3 /* MovieListTVC.swift */ = {isa = PBXFileReference; lastKnownFileType = sourcecode.swift; path = MovieListTVC.swift; sourceTree = "<group>"; };
		04B415FE2271ECA00036FBF3 /* MovieListCell.swift */ = {isa = PBXFileReference; lastKnownFileType = sourcecode.swift; path = MovieListCell.swift; sourceTree = "<group>"; };
		04B416002271ECAD0036FBF3 /* Movie.swift */ = {isa = PBXFileReference; lastKnownFileType = sourcecode.swift; path = Movie.swift; sourceTree = "<group>"; };
		04B416022271F5030036FBF3 /* Global.swift */ = {isa = PBXFileReference; lastKnownFileType = sourcecode.swift; path = Global.swift; sourceTree = "<group>"; };
		04B416052271F57B0036FBF3 /* Ext-view.swift */ = {isa = PBXFileReference; lastKnownFileType = sourcecode.swift; path = "Ext-view.swift"; sourceTree = "<group>"; };
		04B416072271F6260036FBF3 /* Ext-ViewController.swift */ = {isa = PBXFileReference; lastKnownFileType = sourcecode.swift; path = "Ext-ViewController.swift"; sourceTree = "<group>"; };
		04B4160B227208400036FBF3 /* DetailTVC.swift */ = {isa = PBXFileReference; lastKnownFileType = sourcecode.swift; path = DetailTVC.swift; sourceTree = "<group>"; };
		04B4160D2273414A0036FBF3 /* GenreCell.swift */ = {isa = PBXFileReference; lastKnownFileType = sourcecode.swift; path = GenreCell.swift; sourceTree = "<group>"; };
		04B4160F227347E60036FBF3 /* MovieTabBar.swift */ = {isa = PBXFileReference; lastKnownFileType = sourcecode.swift; path = MovieTabBar.swift; sourceTree = "<group>"; };
		04B41613227359A60036FBF3 /* Cast.swift */ = {isa = PBXFileReference; lastKnownFileType = sourcecode.swift; path = Cast.swift; sourceTree = "<group>"; };
		04B4161522735BF50036FBF3 /* CastCell.swift */ = {isa = PBXFileReference; lastKnownFileType = sourcecode.swift; path = CastCell.swift; sourceTree = "<group>"; };
		33AFAF94746B181A5E9C0A53 /* Pods_project.framework */ = {isa = PBXFileReference; explicitFileType = wrapper.framework; includeInIndex = 0; path = Pods_project.framework; sourceTree = BUILT_PRODUCTS_DIR; };
		82518B6C9379204C1DFE5452 /* Pods-project.debug.xcconfig */ = {isa = PBXFileReference; includeInIndex = 1; lastKnownFileType = text.xcconfig; name = "Pods-project.debug.xcconfig"; path = "Target Support Files/Pods-project/Pods-project.debug.xcconfig"; sourceTree = "<group>"; };
		F219D60D76A0EED51857C922 /* Pods-project.release.xcconfig */ = {isa = PBXFileReference; includeInIndex = 1; lastKnownFileType = text.xcconfig; name = "Pods-project.release.xcconfig"; path = "Target Support Files/Pods-project/Pods-project.release.xcconfig"; sourceTree = "<group>"; };
/* End PBXFileReference section */

/* Begin PBXFrameworksBuildPhase section */
		04B415E32271E34F0036FBF3 /* Frameworks */ = {
			isa = PBXFrameworksBuildPhase;
			buildActionMask = 2147483647;
			files = (
				BDD594071F537388CEACA146 /* Pods_project.framework in Frameworks */,
			);
			runOnlyForDeploymentPostprocessing = 0;
		};
/* End PBXFrameworksBuildPhase section */

/* Begin PBXGroup section */
		04B415DD2271E34F0036FBF3 = {
			isa = PBXGroup;
			children = (
				04B415E82271E34F0036FBF3 /* project */,
				04B415E72271E34F0036FBF3 /* Products */,
				CF77B7E50AA44D60E80068EC /* Pods */,
				5D18258415184F9D2FE100ED /* Frameworks */,
			);
			sourceTree = "<group>";
		};
		04B415E72271E34F0036FBF3 /* Products */ = {
			isa = PBXGroup;
			children = (
				04B415E62271E34F0036FBF3 /* project.app */,
			);
			name = Products;
			sourceTree = "<group>";
		};
		04B415E82271E34F0036FBF3 /* project */ = {
			isa = PBXGroup;
			children = (
				04B415ED2271E34F0036FBF3 /* Main.storyboard */,
				04B415F02271E3540036FBF3 /* Assets.xcassets */,
				04B415F22271E3540036FBF3 /* LaunchScreen.storyboard */,
				04B415F52271E3540036FBF3 /* Info.plist */,
				04B415E92271E34F0036FBF3 /* AppDelegate.swift */,
				04B415FD2271EC6C0036FBF3 /* movie */,
				04B416042271F5460036FBF3 /* extension */,
			);
			path = project;
			sourceTree = "<group>";
		};
		04B415FD2271EC6C0036FBF3 /* movie */ = {
			isa = PBXGroup;
			children = (
				04B4160F227347E60036FBF3 /* MovieTabBar.swift */,
				04B41609227207E10036FBF3 /* list */,
				04B4160A227207EA0036FBF3 /* detail */,
			);
			path = movie;
			sourceTree = "<group>";
		};
		04B416042271F5460036FBF3 /* extension */ = {
			isa = PBXGroup;
			children = (
				04B416022271F5030036FBF3 /* Global.swift */,
				04B416052271F57B0036FBF3 /* Ext-view.swift */,
				04B416072271F6260036FBF3 /* Ext-ViewController.swift */,
			);
			path = extension;
			sourceTree = "<group>";
		};
		04B41609227207E10036FBF3 /* list */ = {
			isa = PBXGroup;
			children = (
				04B415FB2271EC590036FBF3 /* MovieListTVC.swift */,
				04B415FE2271ECA00036FBF3 /* MovieListCell.swift */,
				04B416002271ECAD0036FBF3 /* Movie.swift */,
			);
			path = list;
			sourceTree = "<group>";
		};
		04B4160A227207EA0036FBF3 /* detail */ = {
			isa = PBXGroup;
			children = (
				04B4160B227208400036FBF3 /* DetailTVC.swift */,
				04B4160D2273414A0036FBF3 /* GenreCell.swift */,
				04B41613227359A60036FBF3 /* Cast.swift */,
				04B4161522735BF50036FBF3 /* CastCell.swift */,
				0410F6CC22903AAA001B2F9C /* TrailerCell.swift */,
			);
			path = detail;
			sourceTree = "<group>";
		};
		5D18258415184F9D2FE100ED /* Frameworks */ = {
			isa = PBXGroup;
			children = (
				33AFAF94746B181A5E9C0A53 /* Pods_project.framework */,
			);
			name = Frameworks;
			sourceTree = "<group>";
		};
		CF77B7E50AA44D60E80068EC /* Pods */ = {
			isa = PBXGroup;
			children = (
				82518B6C9379204C1DFE5452 /* Pods-project.debug.xcconfig */,
				F219D60D76A0EED51857C922 /* Pods-project.release.xcconfig */,
			);
			path = Pods;
			sourceTree = "<group>";
		};
/* End PBXGroup section */

/* Begin PBXNativeTarget section */
		04B415E52271E34F0036FBF3 /* project */ = {
			isa = PBXNativeTarget;
			buildConfigurationList = 04B415F82271E3540036FBF3 /* Build configuration list for PBXNativeTarget "project" */;
			buildPhases = (
				26271E1FF8CBDBF05503BAF6 /* [CP] Check Pods Manifest.lock */,
				04B415E22271E34F0036FBF3 /* Sources */,
				04B415E32271E34F0036FBF3 /* Frameworks */,
				04B415E42271E34F0036FBF3 /* Resources */,
				CA903128CCAF2846BC1EC922 /* [CP] Embed Pods Frameworks */,
			);
			buildRules = (
			);
			dependencies = (
			);
			name = project;
			productName = project;
			productReference = 04B415E62271E34F0036FBF3 /* project.app */;
			productType = "com.apple.product-type.application";
		};
/* End PBXNativeTarget section */

/* Begin PBXProject section */
		04B415DE2271E34F0036FBF3 /* Project object */ = {
			isa = PBXProject;
			attributes = {
				LastSwiftUpdateCheck = 1010;
				LastUpgradeCheck = 1010;
				ORGANIZATIONNAME = mac;
				TargetAttributes = {
					04B415E52271E34F0036FBF3 = {
						CreatedOnToolsVersion = 10.1;
					};
				};
			};
			buildConfigurationList = 04B415E12271E34F0036FBF3 /* Build configuration list for PBXProject "project" */;
			compatibilityVersion = "Xcode 9.3";
			developmentRegion = en;
			hasScannedForEncodings = 0;
			knownRegions = (
				en,
				Base,
			);
			mainGroup = 04B415DD2271E34F0036FBF3;
			productRefGroup = 04B415E72271E34F0036FBF3 /* Products */;
			projectDirPath = "";
			projectRoot = "";
			targets = (
				04B415E52271E34F0036FBF3 /* project */,
			);
		};
/* End PBXProject section */

/* Begin PBXResourcesBuildPhase section */
		04B415E42271E34F0036FBF3 /* Resources */ = {
			isa = PBXResourcesBuildPhase;
			buildActionMask = 2147483647;
			files = (
				04B415F42271E3540036FBF3 /* LaunchScreen.storyboard in Resources */,
				04B415F12271E3540036FBF3 /* Assets.xcassets in Resources */,
				04B415EF2271E34F0036FBF3 /* Main.storyboard in Resources */,
			);
			runOnlyForDeploymentPostprocessing = 0;
		};
/* End PBXResourcesBuildPhase section */

/* Begin PBXShellScriptBuildPhase section */
		26271E1FF8CBDBF05503BAF6 /* [CP] Check Pods Manifest.lock */ = {
			isa = PBXShellScriptBuildPhase;
			buildActionMask = 2147483647;
			files = (
			);
			inputFileListPaths = (
			);
			inputPaths = (
				"${PODS_PODFILE_DIR_PATH}/Podfile.lock",
				"${PODS_ROOT}/Manifest.lock",
			);
			name = "[CP] Check Pods Manifest.lock";
			outputFileListPaths = (
			);
			outputPaths = (
				"$(DERIVED_FILE_DIR)/Pods-project-checkManifestLockResult.txt",
			);
			runOnlyForDeploymentPostprocessing = 0;
			shellPath = /bin/sh;
			shellScript = "diff \"${PODS_PODFILE_DIR_PATH}/Podfile.lock\" \"${PODS_ROOT}/Manifest.lock\" > /dev/null\nif [ $? != 0 ] ; then\n    # print error to STDERR\n    echo \"error: The sandbox is not in sync with the Podfile.lock. Run 'pod install' or update your CocoaPods installation.\" >&2\n    exit 1\nfi\n# This output is used by Xcode 'outputs' to avoid re-running this script phase.\necho \"SUCCESS\" > \"${SCRIPT_OUTPUT_FILE_0}\"\n";
			showEnvVarsInLog = 0;
		};
		CA903128CCAF2846BC1EC922 /* [CP] Embed Pods Frameworks */ = {
			isa = PBXShellScriptBuildPhase;
			buildActionMask = 2147483647;
			files = (
			);
			inputFileListPaths = (
			);
			inputPaths = (
				"${PODS_ROOT}/Target Support Files/Pods-project/Pods-project-frameworks.sh",
				"${BUILT_PRODUCTS_DIR}/Alamofire/Alamofire.framework",
				"${BUILT_PRODUCTS_DIR}/SDWebImage/SDWebImage.framework",
				"${BUILT_PRODUCTS_DIR}/SwiftyJSON/SwiftyJSON.framework",
				"${BUILT_PRODUCTS_DIR}/YouTubePlayer/YouTubePlayer.framework",
			);
			name = "[CP] Embed Pods Frameworks";
			outputFileListPaths = (
			);
			outputPaths = (
				"${TARGET_BUILD_DIR}/${FRAMEWORKS_FOLDER_PATH}/Alamofire.framework",
				"${TARGET_BUILD_DIR}/${FRAMEWORKS_FOLDER_PATH}/SDWebImage.framework",
				"${TARGET_BUILD_DIR}/${FRAMEWORKS_FOLDER_PATH}/SwiftyJSON.framework",
				"${TARGET_BUILD_DIR}/${FRAMEWORKS_FOLDER_PATH}/YouTubePlayer.framework",
			);
			runOnlyForDeploymentPostprocessing = 0;
			shellPath = /bin/sh;
			shellScript = "\"${PODS_ROOT}/Target Support Files/Pods-project/Pods-project-frameworks.sh\"\n";
			showEnvVarsInLog = 0;
		};
/* End PBXShellScriptBuildPhase section */

/* Begin PBXSourcesBuildPhase section */
		04B415E22271E34F0036FBF3 /* Sources */ = {
			isa = PBXSourcesBuildPhase;
			buildActionMask = 2147483647;
			files = (
				04B416082271F6260036FBF3 /* Ext-ViewController.swift in Sources */,
				04B416062271F57B0036FBF3 /* Ext-view.swift in Sources */,
				04B41610227347E70036FBF3 /* MovieTabBar.swift in Sources */,
				04B4160C227208400036FBF3 /* DetailTVC.swift in Sources */,
				0410F6CD22903AAA001B2F9C /* TrailerCell.swift in Sources */,
				04B4161622735BF50036FBF3 /* CastCell.swift in Sources */,
				04B415EA2271E34F0036FBF3 /* AppDelegate.swift in Sources */,
				04B415FF2271ECA00036FBF3 /* MovieListCell.swift in Sources */,
				04B4160E2273414A0036FBF3 /* GenreCell.swift in Sources */,
				04B415FC2271EC590036FBF3 /* MovieListTVC.swift in Sources */,
				04B41614227359A60036FBF3 /* Cast.swift in Sources */,
				04B416032271F5030036FBF3 /* Global.swift in Sources */,
				04B416012271ECAE0036FBF3 /* Movie.swift in Sources */,
			);
			runOnlyForDeploymentPostprocessing = 0;
		};
/* End PBXSourcesBuildPhase section */

/* Begin PBXVariantGroup section */
		04B415ED2271E34F0036FBF3 /* Main.storyboard */ = {
			isa = PBXVariantGroup;
			children = (
				04B415EE2271E34F0036FBF3 /* Base */,
			);
			name = Main.storyboard;
			sourceTree = "<group>";
		};
		04B415F22271E3540036FBF3 /* LaunchScreen.storyboard */ = {
			isa = PBXVariantGroup;
			children = (
				04B415F32271E3540036FBF3 /* Base */,
			);
			name = LaunchScreen.storyboard;
			sourceTree = "<group>";
		};
/* End PBXVariantGroup section */

/* Begin XCBuildConfiguration section */
		04B415F62271E3540036FBF3 /* Debug */ = {
			isa = XCBuildConfiguration;
			buildSettings = {
				ALWAYS_SEARCH_USER_PATHS = NO;
				CLANG_ANALYZER_NONNULL = YES;
				CLANG_ANALYZER_NUMBER_OBJECT_CONVERSION = YES_AGGRESSIVE;
				CLANG_CXX_LANGUAGE_STANDARD = "gnu++14";
				CLANG_CXX_LIBRARY = "libc++";
				CLANG_ENABLE_MODULES = YES;
				CLANG_ENABLE_OBJC_ARC = YES;
				CLANG_ENABLE_OBJC_WEAK = YES;
				CLANG_WARN_BLOCK_CAPTURE_AUTORELEASING = YES;
				CLANG_WARN_BOOL_CONVERSION = YES;
				CLANG_WARN_COMMA = YES;
				CLANG_WARN_CONSTANT_CONVERSION = YES;
				CLANG_WARN_DEPRECATED_OBJC_IMPLEMENTATIONS = YES;
				CLANG_WARN_DIRECT_OBJC_ISA_USAGE = YES_ERROR;
				CLANG_WARN_DOCUMENTATION_COMMENTS = YES;
				CLANG_WARN_EMPTY_BODY = YES;
				CLANG_WARN_ENUM_CONVERSION = YES;
				CLANG_WARN_INFINITE_RECURSION = YES;
				CLANG_WARN_INT_CONVERSION = YES;
				CLANG_WARN_NON_LITERAL_NULL_CONVERSION = YES;
				CLANG_WARN_OBJC_IMPLICIT_RETAIN_SELF = YES;
				CLANG_WARN_OBJC_LITERAL_CONVERSION = YES;
				CLANG_WARN_OBJC_ROOT_CLASS = YES_ERROR;
				CLANG_WARN_RANGE_LOOP_ANALYSIS = YES;
				CLANG_WARN_STRICT_PROTOTYPES = YES;
				CLANG_WARN_SUSPICIOUS_MOVE = YES;
				CLANG_WARN_UNGUARDED_AVAILABILITY = YES_AGGRESSIVE;
				CLANG_WARN_UNREACHABLE_CODE = YES;
				CLANG_WARN__DUPLICATE_METHOD_MATCH = YES;
				CODE_SIGN_IDENTITY = "iPhone Developer";
				COPY_PHASE_STRIP = NO;
				DEBUG_INFORMATION_FORMAT = dwarf;
				ENABLE_STRICT_OBJC_MSGSEND = YES;
				ENABLE_TESTABILITY = YES;
				GCC_C_LANGUAGE_STANDARD = gnu11;
				GCC_DYNAMIC_NO_PIC = NO;
				GCC_NO_COMMON_BLOCKS = YES;
				GCC_OPTIMIZATION_LEVEL = 0;
				GCC_PREPROCESSOR_DEFINITIONS = (
					"DEBUG=1",
					"$(inherited)",
				);
				GCC_WARN_64_TO_32_BIT_CONVERSION = YES;
				GCC_WARN_ABOUT_RETURN_TYPE = YES_ERROR;
				GCC_WARN_UNDECLARED_SELECTOR = YES;
				GCC_WARN_UNINITIALIZED_AUTOS = YES_AGGRESSIVE;
				GCC_WARN_UNUSED_FUNCTION = YES;
				GCC_WARN_UNUSED_VARIABLE = YES;
				IPHONEOS_DEPLOYMENT_TARGET = 12.1;
				MTL_ENABLE_DEBUG_INFO = INCLUDE_SOURCE;
				MTL_FAST_MATH = YES;
				ONLY_ACTIVE_ARCH = YES;
				SDKROOT = iphoneos;
				SWIFT_ACTIVE_COMPILATION_CONDITIONS = DEBUG;
				SWIFT_OPTIMIZATION_LEVEL = "-Onone";
			};
			name = Debug;
		};
		04B415F72271E3540036FBF3 /* Release */ = {
			isa = XCBuildConfiguration;
			buildSettings = {
				ALWAYS_SEARCH_USER_PATHS = NO;
				CLANG_ANALYZER_NONNULL = YES;
				CLANG_ANALYZER_NUMBER_OBJECT_CONVERSION = YES_AGGRESSIVE;
				CLANG_CXX_LANGUAGE_STANDARD = "gnu++14";
				CLANG_CXX_LIBRARY = "libc++";
				CLANG_ENABLE_MODULES = YES;
				CLANG_ENABLE_OBJC_ARC = YES;
				CLANG_ENABLE_OBJC_WEAK = YES;
				CLANG_WARN_BLOCK_CAPTURE_AUTORELEASING = YES;
				CLANG_WARN_BOOL_CONVERSION = YES;
				CLANG_WARN_COMMA = YES;
				CLANG_WARN_CONSTANT_CONVERSION = YES;
				CLANG_WARN_DEPRECATED_OBJC_IMPLEMENTATIONS = YES;
				CLANG_WARN_DIRECT_OBJC_ISA_USAGE = YES_ERROR;
				CLANG_WARN_DOCUMENTATION_COMMENTS = YES;
				CLANG_WARN_EMPTY_BODY = YES;
				CLANG_WARN_ENUM_CONVERSION = YES;
				CLANG_WARN_INFINITE_RECURSION = YES;
				CLANG_WARN_INT_CONVERSION = YES;
				CLANG_WARN_NON_LITERAL_NULL_CONVERSION = YES;
				CLANG_WARN_OBJC_IMPLICIT_RETAIN_SELF = YES;
				CLANG_WARN_OBJC_LITERAL_CONVERSION = YES;
				CLANG_WARN_OBJC_ROOT_CLASS = YES_ERROR;
				CLANG_WARN_RANGE_LOOP_ANALYSIS = YES;
				CLANG_WARN_STRICT_PROTOTYPES = YES;
				CLANG_WARN_SUSPICIOUS_MOVE = YES;
				CLANG_WARN_UNGUARDED_AVAILABILITY = YES_AGGRESSIVE;
				CLANG_WARN_UNREACHABLE_CODE = YES;
				CLANG_WARN__DUPLICATE_METHOD_MATCH = YES;
				CODE_SIGN_IDENTITY = "iPhone Developer";
				COPY_PHASE_STRIP = NO;
				DEBUG_INFORMATION_FORMAT = "dwarf-with-dsym";
				ENABLE_NS_ASSERTIONS = NO;
				ENABLE_STRICT_OBJC_MSGSEND = YES;
				GCC_C_LANGUAGE_STANDARD = gnu11;
				GCC_NO_COMMON_BLOCKS = YES;
				GCC_WARN_64_TO_32_BIT_CONVERSION = YES;
				GCC_WARN_ABOUT_RETURN_TYPE = YES_ERROR;
				GCC_WARN_UNDECLARED_SELECTOR = YES;
				GCC_WARN_UNINITIALIZED_AUTOS = YES_AGGRESSIVE;
				GCC_WARN_UNUSED_FUNCTION = YES;
				GCC_WARN_UNUSED_VARIABLE = YES;
				IPHONEOS_DEPLOYMENT_TARGET = 12.1;
				MTL_ENABLE_DEBUG_INFO = NO;
				MTL_FAST_MATH = YES;
				SDKROOT = iphoneos;
				SWIFT_COMPILATION_MODE = wholemodule;
				SWIFT_OPTIMIZATION_LEVEL = "-O";
				VALIDATE_PRODUCT = YES;
			};
			name = Release;
		};
		04B415F92271E3540036FBF3 /* Debug */ = {
			isa = XCBuildConfiguration;
			baseConfigurationReference = 82518B6C9379204C1DFE5452 /* Pods-project.debug.xcconfig */;
			buildSettings = {
				ASSETCATALOG_COMPILER_APPICON_NAME = AppIcon;
				CODE_SIGN_STYLE = Automatic;
				DEVELOPMENT_TEAM = V9728RTXEX;
				INFOPLIST_FILE = project/Info.plist;
				LD_RUNPATH_SEARCH_PATHS = (
					"$(inherited)",
					"@executable_path/Frameworks",
				);
				PRODUCT_BUNDLE_IDENTIFIER = project.project;
				PRODUCT_NAME = "$(TARGET_NAME)";
				SWIFT_VERSION = 4.2;
				TARGETED_DEVICE_FAMILY = "1,2";
			};
			name = Debug;
		};
		04B415FA2271E3540036FBF3 /* Release */ = {
			isa = XCBuildConfiguration;
			baseConfigurationReference = F219D60D76A0EED51857C922 /* Pods-project.release.xcconfig */;
			buildSettings = {
				ASSETCATALOG_COMPILER_APPICON_NAME = AppIcon;
				CODE_SIGN_STYLE = Automatic;
				DEVELOPMENT_TEAM = V9728RTXEX;
				INFOPLIST_FILE = project/Info.plist;
				LD_RUNPATH_SEARCH_PATHS = (
					"$(inherited)",
					"@executable_path/Frameworks",
				);
				PRODUCT_BUNDLE_IDENTIFIER = project.project;
				PRODUCT_NAME = "$(TARGET_NAME)";
				SWIFT_VERSION = 4.2;
				TARGETED_DEVICE_FAMILY = "1,2";
			};
			name = Release;
		};
/* End XCBuildConfiguration section */

/* Begin XCConfigurationList section */
		04B415E12271E34F0036FBF3 /* Build configuration list for PBXProject "project" */ = {
			isa = XCConfigurationList;
			buildConfigurations = (
				04B415F62271E3540036FBF3 /* Debug */,
				04B415F72271E3540036FBF3 /* Release */,
			);
			defaultConfigurationIsVisible = 0;
			defaultConfigurationName = Release;
		};
		04B415F82271E3540036FBF3 /* Build configuration list for PBXNativeTarget "project" */ = {
			isa = XCConfigurationList;
			buildConfigurations = (
				04B415F92271E3540036FBF3 /* Debug */,
				04B415FA2271E3540036FBF3 /* Release */,
			);
			defaultConfigurationIsVisible = 0;
			defaultConfigurationName = Release;
		};
/* End XCConfigurationList section */
	};
	rootObject = 04B415DE2271E34F0036FBF3 /* Project object */;
}
